// !$*UTF8*$!
{
	archiveVersion = 1;
	classes = {
	};
	objectVersion = 46;
	objects = {

/* Begin PBXBuildFile section */
		FC2934C61A33A9A80025CBBB /* AppDelegate.swift in Sources */ = {isa = PBXBuildFile; fileRef = FC2934C51A33A9A80025CBBB /* AppDelegate.swift */; };
		FC2934C81A33A9A80025CBBB /* ViewController.swift in Sources */ = {isa = PBXBuildFile; fileRef = FC2934C71A33A9A80025CBBB /* ViewController.swift */; };
		FC2934CB1A33A9A80025CBBB /* Main.storyboard in Resources */ = {isa = PBXBuildFile; fileRef = FC2934C91A33A9A80025CBBB /* Main.storyboard */; };
		FC2934CD1A33A9A80025CBBB /* Images.xcassets in Resources */ = {isa = PBXBuildFile; fileRef = FC2934CC1A33A9A80025CBBB /* Images.xcassets */; };
		FC2934D01A33A9A80025CBBB /* LaunchScreen.xib in Resources */ = {isa = PBXBuildFile; fileRef = FC2934CE1A33A9A80025CBBB /* LaunchScreen.xib */; };
		FC2934E61A33AB750025CBBB /* Judo.swift in Sources */ = {isa = PBXBuildFile; fileRef = FC2934E51A33AB750025CBBB /* Judo.swift */; };
		FC2934EF1A33AD290025CBBB /* JudoStudentTest.swift in Sources */ = {isa = PBXBuildFile; fileRef = FC2934EE1A33AD290025CBBB /* JudoStudentTest.swift */; };
		FC2934F01A33AF3F0025CBBB /* Judo.swift in Sources */ = {isa = PBXBuildFile; fileRef = FC2934E51A33AB750025CBBB /* Judo.swift */; };
		FC2934F21A33BE050025CBBB /* CustomPersonView.swift in Sources */ = {isa = PBXBuildFile; fileRef = FC2934F11A33BE050025CBBB /* CustomPersonView.swift */; };
/* End PBXBuildFile section */

/* Begin PBXContainerItemProxy section */
		FC2934D61A33A9A80025CBBB /* PBXContainerItemProxy */ = {
			isa = PBXContainerItemProxy;
			containerPortal = FC2934B81A33A9A80025CBBB /* Project object */;
			proxyType = 1;
			remoteGlobalIDString = FC2934BF1A33A9A80025CBBB;
			remoteInfo = XcodeDemo;
		};
/* End PBXContainerItemProxy section */

/* Begin PBXFileReference section */
		FC2934C01A33A9A80025CBBB /* XcodeDemo.app */ = {isa = PBXFileReference; explicitFileType = wrapper.application; includeInIndex = 0; path = XcodeDemo.app; sourceTree = BUILT_PRODUCTS_DIR; };
		FC2934C41A33A9A80025CBBB /* Info.plist */ = {isa = PBXFileReference; lastKnownFileType = text.plist.xml; path = Info.plist; sourceTree = "<group>"; };
		FC2934C51A33A9A80025CBBB /* AppDelegate.swift */ = {isa = PBXFileReference; lastKnownFileType = sourcecode.swift; path = AppDelegate.swift; sourceTree = "<group>"; };
		FC2934C71A33A9A80025CBBB /* ViewController.swift */ = {isa = PBXFileReference; lastKnownFileType = sourcecode.swift; name = ViewController.swift; path = XcodeDemo/ViewController.swift; sourceTree = "<group>"; };
		FC2934CA1A33A9A80025CBBB /* Base */ = {isa = PBXFileReference; lastKnownFileType = file.storyboard; name = Base; path = Base.lproj/Main.storyboard; sourceTree = "<group>"; };
		FC2934CC1A33A9A80025CBBB /* Images.xcassets */ = {isa = PBXFileReference; lastKnownFileType = folder.assetcatalog; name = Images.xcassets; path = XcodeDemo/Images.xcassets; sourceTree = "<group>"; };
		FC2934CF1A33A9A80025CBBB /* Base */ = {isa = PBXFileReference; lastKnownFileType = file.xib; name = Base; path = Base.lproj/LaunchScreen.xib; sourceTree = "<group>"; };
		FC2934D51A33A9A80025CBBB /* XcodeDemoTests.xctest */ = {isa = PBXFileReference; explicitFileType = wrapper.cfbundle; includeInIndex = 0; path = XcodeDemoTests.xctest; sourceTree = BUILT_PRODUCTS_DIR; };
		FC2934DA1A33A9A80025CBBB /* Info.plist */ = {isa = PBXFileReference; lastKnownFileType = text.plist.xml; path = Info.plist; sourceTree = "<group>"; };
		FC2934E51A33AB750025CBBB /* Judo.swift */ = {isa = PBXFileReference; fileEncoding = 4; lastKnownFileType = sourcecode.swift; name = Judo.swift; path = XcodeDemo/Judo.swift; sourceTree = "<group>"; };
		FC2934EE1A33AD290025CBBB /* JudoStudentTest.swift */ = {isa = PBXFileReference; fileEncoding = 4; lastKnownFileType = sourcecode.swift; name = JudoStudentTest.swift; path = ../JudoStudentTest.swift; sourceTree = "<group>"; };
		FC2934F11A33BE050025CBBB /* CustomPersonView.swift */ = {isa = PBXFileReference; fileEncoding = 4; lastKnownFileType = sourcecode.swift; path = CustomPersonView.swift; sourceTree = "<group>"; };
/* End PBXFileReference section */

/* Begin PBXFrameworksBuildPhase section */
		FC2934BD1A33A9A80025CBBB /* Frameworks */ = {
			isa = PBXFrameworksBuildPhase;
			buildActionMask = 2147483647;
			files = (
			);
			runOnlyForDeploymentPostprocessing = 0;
		};
		FC2934D21A33A9A80025CBBB /* Frameworks */ = {
			isa = PBXFrameworksBuildPhase;
			buildActionMask = 2147483647;
			files = (
			);
			runOnlyForDeploymentPostprocessing = 0;
		};
/* End PBXFrameworksBuildPhase section */

/* Begin PBXGroup section */
		FC2934B71A33A9A80025CBBB = {
			isa = PBXGroup;
			children = (
				FC2934E71A33ABA50025CBBB /* Models */,
				FC2934C11A33A9A80025CBBB /* Products */,
				FC2934EA1A33ABED0025CBBB /* Resources */,
				FC2934E91A33ABE30025CBBB /* Storyboards */,
				FC2934EB1A33ABFE0025CBBB /* ViewControllers */,
				FC2934E81A33ABDD0025CBBB /* Views */,
				FC2934C21A33A9A80025CBBB /* XcodeDemo */,
				FC2934D81A33A9A80025CBBB /* XcodeDemoTests */,
			);
			sourceTree = "<group>";
		};
		FC2934C11A33A9A80025CBBB /* Products */ = {
			isa = PBXGroup;
			children = (
				FC2934C01A33A9A80025CBBB /* XcodeDemo.app */,
				FC2934D51A33A9A80025CBBB /* XcodeDemoTests.xctest */,
			);
			name = Products;
			sourceTree = "<group>";
		};
		FC2934C21A33A9A80025CBBB /* XcodeDemo */ = {
			isa = PBXGroup;
			children = (
				FC2934C51A33A9A80025CBBB /* AppDelegate.swift */,
				FC2934CE1A33A9A80025CBBB /* LaunchScreen.xib */,
				FC2934C31A33A9A80025CBBB /* Supporting Files */,
			);
			path = XcodeDemo;
			sourceTree = "<group>";
		};
		FC2934C31A33A9A80025CBBB /* Supporting Files */ = {
			isa = PBXGroup;
			children = (
				FC2934C41A33A9A80025CBBB /* Info.plist */,
			);
			name = "Supporting Files";
			sourceTree = "<group>";
		};
		FC2934D81A33A9A80025CBBB /* XcodeDemoTests */ = {
			isa = PBXGroup;
			children = (
				FC2934EE1A33AD290025CBBB /* JudoStudentTest.swift */,
				FC2934D91A33A9A80025CBBB /* Supporting Files */,
			);
			path = XcodeDemoTests;
			sourceTree = "<group>";
		};
		FC2934D91A33A9A80025CBBB /* Supporting Files */ = {
			isa = PBXGroup;
			children = (
				FC2934DA1A33A9A80025CBBB /* Info.plist */,
			);
			name = "Supporting Files";
			sourceTree = "<group>";
		};
		FC2934E71A33ABA50025CBBB /* Models */ = {
			isa = PBXGroup;
			children = (
				FC2934E51A33AB750025CBBB /* Judo.swift */,
			);
			name = Models;
			sourceTree = "<group>";
		};
		FC2934E81A33ABDD0025CBBB /* Views */ = {
			isa = PBXGroup;
			children = (
				FC2934F11A33BE050025CBBB /* CustomPersonView.swift */,
			);
			name = Views;
			sourceTree = "<group>";
		};
		FC2934E91A33ABE30025CBBB /* Storyboards */ = {
			isa = PBXGroup;
			children = (
				FC2934C91A33A9A80025CBBB /* Main.storyboard */,
			);
			name = Storyboards;
			sourceTree = "<group>";
		};
		FC2934EA1A33ABED0025CBBB /* Resources */ = {
			isa = PBXGroup;
			children = (
				FC2934CC1A33A9A80025CBBB /* Images.xcassets */,
			);
			name = Resources;
			sourceTree = "<group>";
		};
		FC2934EB1A33ABFE0025CBBB /* ViewControllers */ = {
			isa = PBXGroup;
			children = (
				FC2934C71A33A9A80025CBBB /* ViewController.swift */,
			);
			name = ViewControllers;
			sourceTree = "<group>";
		};
/* End PBXGroup section */

/* Begin PBXNativeTarget section */
		FC2934BF1A33A9A80025CBBB /* XcodeDemo */ = {
			isa = PBXNativeTarget;
			buildConfigurationList = FC2934DF1A33A9A80025CBBB /* Build configuration list for PBXNativeTarget "XcodeDemo" */;
			buildPhases = (
				FC2934BC1A33A9A80025CBBB /* Sources */,
				FC2934BD1A33A9A80025CBBB /* Frameworks */,
				FC2934BE1A33A9A80025CBBB /* Resources */,
			);
			buildRules = (
			);
			dependencies = (
			);
			name = XcodeDemo;
			productName = XcodeDemo;
			productReference = FC2934C01A33A9A80025CBBB /* XcodeDemo.app */;
			productType = "com.apple.product-type.application";
		};
		FC2934D41A33A9A80025CBBB /* XcodeDemoTests */ = {
			isa = PBXNativeTarget;
			buildConfigurationList = FC2934E21A33A9A80025CBBB /* Build configuration list for PBXNativeTarget "XcodeDemoTests" */;
			buildPhases = (
				FC2934D11A33A9A80025CBBB /* Sources */,
				FC2934D21A33A9A80025CBBB /* Frameworks */,
				FC2934D31A33A9A80025CBBB /* Resources */,
			);
			buildRules = (
			);
			dependencies = (
				FC2934D71A33A9A80025CBBB /* PBXTargetDependency */,
			);
			name = XcodeDemoTests;
			productName = XcodeDemoTests;
			productReference = FC2934D51A33A9A80025CBBB /* XcodeDemoTests.xctest */;
			productType = "com.apple.product-type.bundle.unit-test";
		};
/* End PBXNativeTarget section */

/* Begin PBXProject section */
		FC2934B81A33A9A80025CBBB /* Project object */ = {
			isa = PBXProject;
			attributes = {
				LastUpgradeCheck = 0610;
				ORGANIZATIONNAME = Flounderware;
				TargetAttributes = {
					FC2934BF1A33A9A80025CBBB = {
						CreatedOnToolsVersion = 6.1.1;
					};
					FC2934D41A33A9A80025CBBB = {
						CreatedOnToolsVersion = 6.1.1;
						TestTargetID = FC2934BF1A33A9A80025CBBB;
					};
				};
			};
			buildConfigurationList = FC2934BB1A33A9A80025CBBB /* Build configuration list for PBXProject "XcodeDemo" */;
			compatibilityVersion = "Xcode 3.2";
			developmentRegion = English;
			hasScannedForEncodings = 0;
			knownRegions = (
				en,
				Base,
			);
			mainGroup = FC2934B71A33A9A80025CBBB;
			productRefGroup = FC2934C11A33A9A80025CBBB /* Products */;
			projectDirPath = "";
			projectRoot = "";
			targets = (
				FC2934BF1A33A9A80025CBBB /* XcodeDemo */,
				FC2934D41A33A9A80025CBBB /* XcodeDemoTests */,
			);
		};
/* End PBXProject section */

/* Begin PBXResourcesBuildPhase section */
		FC2934BE1A33A9A80025CBBB /* Resources */ = {
			isa = PBXResourcesBuildPhase;
			buildActionMask = 2147483647;
			files = (
				FC2934CB1A33A9A80025CBBB /* Main.storyboard in Resources */,
				FC2934D01A33A9A80025CBBB /* LaunchScreen.xib in Resources */,
				FC2934CD1A33A9A80025CBBB /* Images.xcassets in Resources */,
			);
			runOnlyForDeploymentPostprocessing = 0;
		};
		FC2934D31A33A9A80025CBBB /* Resources */ = {
			isa = PBXResourcesBuildPhase;
			buildActionMask = 2147483647;
			files = (
			);
			runOnlyForDeploymentPostprocessing = 0;
		};
/* End PBXResourcesBuildPhase section */

/* Begin PBXSourcesBuildPhase section */
		FC2934BC1A33A9A80025CBBB /* Sources */ = {
			isa = PBXSourcesBuildPhase;
			buildActionMask = 2147483647;
			files = (
				FC2934C81A33A9A80025CBBB /* ViewController.swift in Sources */,
				FC2934E61A33AB750025CBBB /* Judo.swift in Sources */,
				FC2934F21A33BE050025CBBB /* CustomPersonView.swift in Sources */,
				FC2934C61A33A9A80025CBBB /* AppDelegate.swift in Sources */,
			);
			runOnlyForDeploymentPostprocessing = 0;
		};
		FC2934D11A33A9A80025CBBB /* Sources */ = {
			isa = PBXSourcesBuildPhase;
			buildActionMask = 2147483647;
			files = (
				FC2934EF1A33AD290025CBBB /* JudoStudentTest.swift in Sources */,
				FC2934F01A33AF3F0025CBBB /* Judo.swift in Sources */,
			);
			runOnlyForDeploymentPostprocessing = 0;
		};
/* End PBXSourcesBuildPhase section */

/* Begin PBXTargetDependency section */
		FC2934D71A33A9A80025CBBB /* PBXTargetDependency */ = {
			isa = PBXTargetDependency;
			target = FC2934BF1A33A9A80025CBBB /* XcodeDemo */;
			targetProxy = FC2934D61A33A9A80025CBBB /* PBXContainerItemProxy */;
		};
/* End PBXTargetDependency section */

/* Begin PBXVariantGroup section */
		FC2934C91A33A9A80025CBBB /* Main.storyboard */ = {
			isa = PBXVariantGroup;
			children = (
				FC2934CA1A33A9A80025CBBB /* Base */,
			);
			name = Main.storyboard;
			path = XcodeDemo;
			sourceTree = "<group>";
		};
		FC2934CE1A33A9A80025CBBB /* LaunchScreen.xib */ = {
			isa = PBXVariantGroup;
			children = (
				FC2934CF1A33A9A80025CBBB /* Base */,
			);
			name = LaunchScreen.xib;
			sourceTree = "<group>";
		};
/* End PBXVariantGroup section */

/* Begin XCBuildConfiguration section */
		FC2934DD1A33A9A80025CBBB /* Debug */ = {
			isa = XCBuildConfiguration;
			buildSettings = {
				ALWAYS_SEARCH_USER_PATHS = NO;
				CLANG_CXX_LANGUAGE_STANDARD = "gnu++0x";
				CLANG_CXX_LIBRARY = "libc++";
				CLANG_ENABLE_MODULES = YES;
				CLANG_ENABLE_OBJC_ARC = YES;
				CLANG_WARN_BOOL_CONVERSION = YES;
				CLANG_WARN_CONSTANT_CONVERSION = YES;
				CLANG_WARN_DIRECT_OBJC_ISA_USAGE = YES_ERROR;
				CLANG_WARN_EMPTY_BODY = YES;
				CLANG_WARN_ENUM_CONVERSION = YES;
				CLANG_WARN_INT_CONVERSION = YES;
				CLANG_WARN_OBJC_ROOT_CLASS = YES_ERROR;
				CLANG_WARN_UNREACHABLE_CODE = YES;
				CLANG_WARN__DUPLICATE_METHOD_MATCH = YES;
				"CODE_SIGN_IDENTITY[sdk=iphoneos*]" = "iPhone Developer";
				COPY_PHASE_STRIP = NO;
				ENABLE_STRICT_OBJC_MSGSEND = YES;
				GCC_C_LANGUAGE_STANDARD = gnu99;
				GCC_DYNAMIC_NO_PIC = NO;
				GCC_OPTIMIZATION_LEVEL = 0;
				GCC_PREPROCESSOR_DEFINITIONS = (
					"DEBUG=1",
					"$(inherited)",
				);
				GCC_SYMBOLS_PRIVATE_EXTERN = NO;
				GCC_WARN_64_TO_32_BIT_CONVERSION = YES;
				GCC_WARN_ABOUT_RETURN_TYPE = YES_ERROR;
				GCC_WARN_UNDECLARED_SELECTOR = YES;
				GCC_WARN_UNINITIALIZED_AUTOS = YES_AGGRESSIVE;
				GCC_WARN_UNUSED_FUNCTION = YES;
				GCC_WARN_UNUSED_VARIABLE = YES;
				IPHONEOS_DEPLOYMENT_TARGET = 8.1;
				MTL_ENABLE_DEBUG_INFO = YES;
				ONLY_ACTIVE_ARCH = YES;
				SDKROOT = iphoneos;
				SWIFT_OPTIMIZATION_LEVEL = "-Onone";
				TARGETED_DEVICE_FAMILY = "1,2";
			};
			name = Debug;
		};
		FC2934DE1A33A9A80025CBBB /* Release */ = {
			isa = XCBuildConfiguration;
			buildSettings = {
				ALWAYS_SEARCH_USER_PATHS = NO;
				CLANG_CXX_LANGUAGE_STANDARD = "gnu++0x";
				CLANG_CXX_LIBRARY = "libc++";
				CLANG_ENABLE_MODULES = YES;
				CLANG_ENABLE_OBJC_ARC = YES;
				CLANG_WARN_BOOL_CONVERSION = YES;
				CLANG_WARN_CONSTANT_CONVERSION = YES;
				CLANG_WARN_DIRECT_OBJC_ISA_USAGE = YES_ERROR;
				CLANG_WARN_EMPTY_BODY = YES;
				CLANG_WARN_ENUM_CONVERSION = YES;
				CLANG_WARN_INT_CONVERSION = YES;
				CLANG_WARN_OBJC_ROOT_CLASS = YES_ERROR;
				CLANG_WARN_UNREACHABLE_CODE = YES;
				CLANG_WARN__DUPLICATE_METHOD_MATCH = YES;
				"CODE_SIGN_IDENTITY[sdk=iphoneos*]" = "iPhone Developer";
				COPY_PHASE_STRIP = YES;
				ENABLE_NS_ASSERTIONS = NO;
				ENABLE_STRICT_OBJC_MSGSEND = YES;
				GCC_C_LANGUAGE_STANDARD = gnu99;
				GCC_WARN_64_TO_32_BIT_CONVERSION = YES;
				GCC_WARN_ABOUT_RETURN_TYPE = YES_ERROR;
				GCC_WARN_UNDECLARED_SELECTOR = YES;
				GCC_WARN_UNINITIALIZED_AUTOS = YES_AGGRESSIVE;
				GCC_WARN_UNUSED_FUNCTION = YES;
				GCC_WARN_UNUSED_VARIABLE = YES;
				IPHONEOS_DEPLOYMENT_TARGET = 8.1;
				MTL_ENABLE_DEBUG_INFO = NO;
				SDKROOT = iphoneos;
				TARGETED_DEVICE_FAMILY = "1,2";
				VALIDATE_PRODUCT = YES;
			};
			name = Release;
		};
		FC2934E01A33A9A80025CBBB /* Debug */ = {
			isa = XCBuildConfiguration;
			buildSettings = {
				ASSETCATALOG_COMPILER_APPICON_NAME = AppIcon;
				INFOPLIST_FILE = XcodeDemo/Info.plist;
				LD_RUNPATH_SEARCH_PATHS = "$(inherited) @executable_path/Frameworks";
				PRODUCT_NAME = "$(TARGET_NAME)";
			};
			name = Debug;
		};
		FC2934E11A33A9A80025CBBB /* Release */ = {
			isa = XCBuildConfiguration;
			buildSettings = {
				ASSETCATALOG_COMPILER_APPICON_NAME = AppIcon;
				INFOPLIST_FILE = XcodeDemo/Info.plist;
				LD_RUNPATH_SEARCH_PATHS = "$(inherited) @executable_path/Frameworks";
				PRODUCT_NAME = "$(TARGET_NAME)";
			};
			name = Release;
		};
		FC2934E31A33A9A80025CBBB /* Debug */ = {
			isa = XCBuildConfiguration;
			buildSettings = {
				BUNDLE_LOADER = "$(TEST_HOST)";
				CLANG_ENABLE_MODULES = YES;
				FRAMEWORK_SEARCH_PATHS = (
					"$(SDKROOT)/Developer/Library/Frameworks",
					"$(inherited)",
				);
				GCC_PREPROCESSOR_DEFINITIONS = (
					"DEBUG=1",
					"$(inherited)",
				);
				INFOPLIST_FILE = XcodeDemoTests/Info.plist;
				LD_RUNPATH_SEARCH_PATHS = "$(inherited) @executable_path/Frameworks @loader_path/Frameworks";
				PRODUCT_NAME = "$(TARGET_NAME)";
				SWIFT_OPTIMIZATION_LEVEL = "-Onone";
				TEST_HOST = "$(BUILT_PRODUCTS_DIR)/XcodeDemo.app/XcodeDemo";
			};
			name = Debug;
		};
		FC2934E41A33A9A80025CBBB /* Release */ = {
			isa = XCBuildConfiguration;
			buildSettings = {
				BUNDLE_LOADER = "$(TEST_HOST)";
				CLANG_ENABLE_MODULES = YES;
				FRAMEWORK_SEARCH_PATHS = (
					"$(SDKROOT)/Developer/Library/Frameworks",
					"$(inherited)",
				);
				INFOPLIST_FILE = XcodeDemoTests/Info.plist;
				LD_RUNPATH_SEARCH_PATHS = "$(inherited) @executable_path/Frameworks @loader_path/Frameworks";
				PRODUCT_NAME = "$(TARGET_NAME)";
				TEST_HOST = "$(BUILT_PRODUCTS_DIR)/XcodeDemo.app/XcodeDemo";
			};
			name = Release;
		};
/* End XCBuildConfiguration section */

/* Begin XCConfigurationList section */
		FC2934BB1A33A9A80025CBBB /* Build configuration list for PBXProject "XcodeDemo" */ = {
			isa = XCConfigurationList;
			buildConfigurations = (
				FC2934DD1A33A9A80025CBBB /* Debug */,
				FC2934DE1A33A9A80025CBBB /* Release */,
			);
			defaultConfigurationIsVisible = 0;
			defaultConfigurationName = Release;
		};
		FC2934DF1A33A9A80025CBBB /* Build configuration list for PBXNativeTarget "XcodeDemo" */ = {
			isa = XCConfigurationList;
			buildConfigurations = (
				FC2934E01A33A9A80025CBBB /* Debug */,
				FC2934E11A33A9A80025CBBB /* Release */,
			);
			defaultConfigurationIsVisible = 0;
			defaultConfigurationName = Release;
		};
		FC2934E21A33A9A80025CBBB /* Build configuration list for PBXNativeTarget "XcodeDemoTests" */ = {
			isa = XCConfigurationList;
			buildConfigurations = (
				FC2934E31A33A9A80025CBBB /* Debug */,
				FC2934E41A33A9A80025CBBB /* Release */,
			);
			defaultConfigurationIsVisible = 0;
			defaultConfigurationName = Release;
		};
/* End XCConfigurationList section */
	};
	rootObject = FC2934B81A33A9A80025CBBB /* Project object */;
}
